
Microsoft Visual Studio Solution File, Format Version 12.00
# Visual Studio Version 16
VisualStudioVersion = 16.0.29009.5
MinimumVisualStudioVersion = 10.0.40219.1
Project("{9A19103F-16F7-4668-BE54-9A1E7A4F7556}") = "AFIP.Facturacion", "AFIP.Facturacion.csproj", "{030AA77E-1347-4CC8-91A6-585D5115D265}"
EndProject
Global
	GlobalSection(SolutionConfigurationPlatforms) = preSolution
		Debug|Any CPU = Debug|Any CPU
		Release|Any CPU = Release|Any CPU
	EndGlobalSection
	GlobalSection(ProjectConfigurationPlatforms) = postSolution
		{030AA77E-1347-4CC8-91A6-585D5115D265}.Debug|Any CPU.ActiveCfg = Debug|Any CPU
		{030AA77E-1347-4CC8-91A6-585D5115D265}.Debug|Any CPU.Build.0 = Debug|Any CPU
		{030AA77E-1347-4CC8-91A6-585D5115D265}.Release|Any CPU.ActiveCfg = Release|Any CPU
		{030AA77E-1347-4CC8-91A6-585D5115D265}.Release|Any CPU.Build.0 = Release|Any CPU
	EndGlobalSection
	GlobalSection(SolutionProperties) = preSolution
		HideSolutionNode = FALSE
	EndGlobalSection
	GlobalSection(ExtensibilityGlobals) = postSolution
		SolutionGuid = {06EDAD7C-2FEC-4624-98A8-D13EBE515EAA}
	EndGlobalSection
EndGlobal
